
Microsoft Visual Studio Solution File, Format Version 12.00
# Visual Studio Version 17
VisualStudioVersion = 17.5.33414.496
MinimumVisualStudioVersion = 10.0.40219.1
Project("{FAE04EC0-301F-11D3-BF4B-00C04F79EFBC}") = "PMAssist", "PMAssist\PMAssist.csproj", "{45DAC051-4C18-472A-857B-1FF806346DAB}"
EndProject
Global
	GlobalSection(SolutionConfigurationPlatforms) = preSolution
		Debug|Any CPU = Debug|Any CPU
		Release|Any CPU = Release|Any CPU
	EndGlobalSection
	GlobalSection(ProjectConfigurationPlatforms) = postSolution
		{45DAC051-4C18-472A-857B-1FF806346DAB}.Debug|Any CPU.ActiveCfg = Debug|Any CPU
		{45DAC051-4C18-472A-857B-1FF806346DAB}.Debug|Any CPU.Build.0 = Debug|Any CPU
		{45DAC051-4C18-472A-857B-1FF806346DAB}.Release|Any CPU.ActiveCfg = Release|Any CPU
		{45DAC051-4C18-472A-857B-1FF806346DAB}.Release|Any CPU.Build.0 = Release|Any CPU
	EndGlobalSection
	GlobalSection(SolutionProperties) = preSolution
		HideSolutionNode = FALSE
	EndGlobalSection
	GlobalSection(ExtensibilityGlobals) = postSolution
		SolutionGuid = {88197695-C55D-4796-8617-137A085B7835}
	EndGlobalSection
EndGlobal
